
Microsoft Visual Studio Solution File, Format Version 12.00
# Visual Studio Version 17
VisualStudioVersion = 17.6.33801.468
MinimumVisualStudioVersion = 10.0.40219.1
Project("{FAE04EC0-301F-11D3-BF4B-00C04F79EFBC}") = "LogicalProgrammingPP", "LogicalProgrammingPP.csproj", "{AC14A160-77EB-4325-AD06-4C2BFF0A4E59}"
EndProject
Global
	GlobalSection(SolutionConfigurationPlatforms) = preSolution
		Debug|Any CPU = Debug|Any CPU
		Release|Any CPU = Release|Any CPU
	EndGlobalSection
	GlobalSection(ProjectConfigurationPlatforms) = postSolution
		{AC14A160-77EB-4325-AD06-4C2BFF0A4E59}.Debug|Any CPU.ActiveCfg = Debug|Any CPU
		{AC14A160-77EB-4325-AD06-4C2BFF0A4E59}.Debug|Any CPU.Build.0 = Debug|Any CPU
		{AC14A160-77EB-4325-AD06-4C2BFF0A4E59}.Release|Any CPU.ActiveCfg = Release|Any CPU
		{AC14A160-77EB-4325-AD06-4C2BFF0A4E59}.Release|Any CPU.Build.0 = Release|Any CPU
	EndGlobalSection
	GlobalSection(SolutionProperties) = preSolution
		HideSolutionNode = FALSE
	EndGlobalSection
	GlobalSection(ExtensibilityGlobals) = postSolution
		SolutionGuid = {6F65A641-9381-4F1D-8561-072C4FB38F98}
	EndGlobalSection
EndGlobal
